
Microsoft Visual Studio Solution File, Format Version 12.00
# Visual Studio Version 17
VisualStudioVersion = 17.4.33205.214
MinimumVisualStudioVersion = 10.0.40219.1
Project("{FAE04EC0-301F-11D3-BF4B-00C04F79EFBC}") = "GhostHunter", "GhostHunter\GhostHunter.csproj", "{92C6A9C3-15D1-4C22-B280-7C456916A6D2}"
EndProject
Global
	GlobalSection(SolutionConfigurationPlatforms) = preSolution
		Debug|Any CPU = Debug|Any CPU
		Release|Any CPU = Release|Any CPU
	EndGlobalSection
	GlobalSection(ProjectConfigurationPlatforms) = postSolution
		{92C6A9C3-15D1-4C22-B280-7C456916A6D2}.Debug|Any CPU.ActiveCfg = Debug|Any CPU
		{92C6A9C3-15D1-4C22-B280-7C456916A6D2}.Debug|Any CPU.Build.0 = Debug|Any CPU
		{92C6A9C3-15D1-4C22-B280-7C456916A6D2}.Release|Any CPU.ActiveCfg = Release|Any CPU
		{92C6A9C3-15D1-4C22-B280-7C456916A6D2}.Release|Any CPU.Build.0 = Release|Any CPU
	EndGlobalSection
	GlobalSection(SolutionProperties) = preSolution
		HideSolutionNode = FALSE
	EndGlobalSection
	GlobalSection(ExtensibilityGlobals) = postSolution
		SolutionGuid = {281E58D9-1F43-465C-A7A6-B11FEE0BAC11}
	EndGlobalSection
EndGlobal
